
Microsoft Visual Studio Solution File, Format Version 12.00
# Visual Studio Version 17
VisualStudioVersion = 17.14.36414.22 d17.14
MinimumVisualStudioVersion = 10.0.40219.1
Project("{FAE04EC0-301F-11D3-BF4B-00C04F79EFBC}") = "Mobile", "Mobile\Mobile.csproj", "{C1E4191F-ACE1-4C74-9D41-EDF3D270B627}"
EndProject
Global
	GlobalSection(SolutionConfigurationPlatforms) = preSolution
		Debug|Any CPU = Debug|Any CPU
		Release|Any CPU = Release|Any CPU
	EndGlobalSection
	GlobalSection(ProjectConfigurationPlatforms) = postSolution
		{C1E4191F-ACE1-4C74-9D41-EDF3D270B627}.Debug|Any CPU.ActiveCfg = Debug|Any CPU
		{C1E4191F-ACE1-4C74-9D41-EDF3D270B627}.Debug|Any CPU.Build.0 = Debug|Any CPU
		{C1E4191F-ACE1-4C74-9D41-EDF3D270B627}.Release|Any CPU.ActiveCfg = Release|Any CPU
		{C1E4191F-ACE1-4C74-9D41-EDF3D270B627}.Release|Any CPU.Build.0 = Release|Any CPU
	EndGlobalSection
	GlobalSection(SolutionProperties) = preSolution
		HideSolutionNode = FALSE
	EndGlobalSection
	GlobalSection(ExtensibilityGlobals) = postSolution
		SolutionGuid = {3DC38148-46FB-4437-924C-98F923867C14}
	EndGlobalSection
EndGlobal
